
Microsoft Visual Studio Solution File, Format Version 12.00
# Visual Studio Version 17
VisualStudioVersion = 17.6.33815.320
MinimumVisualStudioVersion = 10.0.40219.1
Project("{FAE04EC0-301F-11D3-BF4B-00C04F79EFBC}") = "library_app", "library_app\library_app.csproj", "{1C04D5C7-6BE2-4ADA-A777-2165AE8BF801}"
EndProject
Global
	GlobalSection(SolutionConfigurationPlatforms) = preSolution
		Debug|Any CPU = Debug|Any CPU
		Release|Any CPU = Release|Any CPU
	EndGlobalSection
	GlobalSection(ProjectConfigurationPlatforms) = postSolution
		{1C04D5C7-6BE2-4ADA-A777-2165AE8BF801}.Debug|Any CPU.ActiveCfg = Debug|Any CPU
		{1C04D5C7-6BE2-4ADA-A777-2165AE8BF801}.Debug|Any CPU.Build.0 = Debug|Any CPU
		{1C04D5C7-6BE2-4ADA-A777-2165AE8BF801}.Release|Any CPU.ActiveCfg = Release|Any CPU
		{1C04D5C7-6BE2-4ADA-A777-2165AE8BF801}.Release|Any CPU.Build.0 = Release|Any CPU
	EndGlobalSection
	GlobalSection(SolutionProperties) = preSolution
		HideSolutionNode = FALSE
	EndGlobalSection
	GlobalSection(ExtensibilityGlobals) = postSolution
		SolutionGuid = {6AAD049C-27EF-4F6F-842B-A22BFFDD3B50}
	EndGlobalSection
EndGlobal
